
Microsoft Visual Studio Solution File, Format Version 12.00
# Visual Studio 14
VisualStudioVersion = 14.0.24720.0
MinimumVisualStudioVersion = 10.0.40219.1
Project("{FAE04EC0-301F-11D3-BF4B-00C04F79EFBC}") = "AdventureWorks", "AdventureWorks\AdventureWorks.csproj", "{942201CF-8EA7-46ED-B06D-24E4DE0A3568}"
EndProject
Project("{FAE04EC0-301F-11D3-BF4B-00C04F79EFBC}") = "AW.WebAPI", "AW.WebAPI\AW.WebAPI.csproj", "{F585A05C-D5DF-4337-8E7C-CA2B58116C4D}"
EndProject
Project("{FAE04EC0-301F-11D3-BF4B-00C04F79EFBC}") = "AW.EF", "AW.EF\AW.EF.csproj", "{092004F4-65D4-49EB-92F8-33BAF7CA9209}"
EndProject
Project("{FAE04EC0-301F-11D3-BF4B-00C04F79EFBC}") = "AW.DAL", "AW.DAL\AW.DAL.csproj", "{371B3809-4894-40EF-B34C-D2DA46F1B5FA}"
EndProject
Project("{FAE04EC0-301F-11D3-BF4B-00C04F79EFBC}") = "AW.BL", "AW.BL\AW.BL.csproj", "{7DA786C8-EFE1-4DF0-BC7B-6045B5B80E3D}"
EndProject
Project("{FAE04EC0-301F-11D3-BF4B-00C04F79EFBC}") = "T4CodeGen", "T4CodeGen\T4CodeGen.csproj", "{8A312CFA-6672-4C99-8481-25328E382E8B}"
EndProject
Global
	GlobalSection(SolutionConfigurationPlatforms) = preSolution
		Debug|Any CPU = Debug|Any CPU
		Debug|ARM = Debug|ARM
		Debug|x64 = Debug|x64
		Debug|x86 = Debug|x86
		Release|Any CPU = Release|Any CPU
		Release|ARM = Release|ARM
		Release|x64 = Release|x64
		Release|x86 = Release|x86
	EndGlobalSection
	GlobalSection(ProjectConfigurationPlatforms) = postSolution
		{942201CF-8EA7-46ED-B06D-24E4DE0A3568}.Debug|Any CPU.ActiveCfg = Debug|x86
		{942201CF-8EA7-46ED-B06D-24E4DE0A3568}.Debug|ARM.ActiveCfg = Debug|ARM
		{942201CF-8EA7-46ED-B06D-24E4DE0A3568}.Debug|ARM.Build.0 = Debug|ARM
		{942201CF-8EA7-46ED-B06D-24E4DE0A3568}.Debug|ARM.Deploy.0 = Debug|ARM
		{942201CF-8EA7-46ED-B06D-24E4DE0A3568}.Debug|x64.ActiveCfg = Debug|x64
		{942201CF-8EA7-46ED-B06D-24E4DE0A3568}.Debug|x64.Build.0 = Debug|x64
		{942201CF-8EA7-46ED-B06D-24E4DE0A3568}.Debug|x64.Deploy.0 = Debug|x64
		{942201CF-8EA7-46ED-B06D-24E4DE0A3568}.Debug|x86.ActiveCfg = Debug|x86
		{942201CF-8EA7-46ED-B06D-24E4DE0A3568}.Debug|x86.Build.0 = Debug|x86
		{942201CF-8EA7-46ED-B06D-24E4DE0A3568}.Debug|x86.Deploy.0 = Debug|x86
		{942201CF-8EA7-46ED-B06D-24E4DE0A3568}.Release|Any CPU.ActiveCfg = Release|x86
		{942201CF-8EA7-46ED-B06D-24E4DE0A3568}.Release|ARM.ActiveCfg = Release|ARM
		{942201CF-8EA7-46ED-B06D-24E4DE0A3568}.Release|ARM.Build.0 = Release|ARM
		{942201CF-8EA7-46ED-B06D-24E4DE0A3568}.Release|ARM.Deploy.0 = Release|ARM
		{942201CF-8EA7-46ED-B06D-24E4DE0A3568}.Release|x64.ActiveCfg = Release|x64
		{942201CF-8EA7-46ED-B06D-24E4DE0A3568}.Release|x64.Build.0 = Release|x64
		{942201CF-8EA7-46ED-B06D-24E4DE0A3568}.Release|x64.Deploy.0 = Release|x64
		{942201CF-8EA7-46ED-B06D-24E4DE0A3568}.Release|x86.ActiveCfg = Release|x86
		{942201CF-8EA7-46ED-B06D-24E4DE0A3568}.Release|x86.Build.0 = Release|x86
		{942201CF-8EA7-46ED-B06D-24E4DE0A3568}.Release|x86.Deploy.0 = Release|x86
		{F585A05C-D5DF-4337-8E7C-CA2B58116C4D}.Debug|Any CPU.ActiveCfg = Debug|Any CPU
		{F585A05C-D5DF-4337-8E7C-CA2B58116C4D}.Debug|Any CPU.Build.0 = Debug|Any CPU
		{F585A05C-D5DF-4337-8E7C-CA2B58116C4D}.Debug|ARM.ActiveCfg = Debug|Any CPU
		{F585A05C-D5DF-4337-8E7C-CA2B58116C4D}.Debug|ARM.Build.0 = Debug|Any CPU
		{F585A05C-D5DF-4337-8E7C-CA2B58116C4D}.Debug|x64.ActiveCfg = Debug|Any CPU
		{F585A05C-D5DF-4337-8E7C-CA2B58116C4D}.Debug|x64.Build.0 = Debug|Any CPU
		{F585A05C-D5DF-4337-8E7C-CA2B58116C4D}.Debug|x86.ActiveCfg = Debug|Any CPU
		{F585A05C-D5DF-4337-8E7C-CA2B58116C4D}.Debug|x86.Build.0 = Debug|Any CPU
		{F585A05C-D5DF-4337-8E7C-CA2B58116C4D}.Release|Any CPU.ActiveCfg = Release|Any CPU
		{F585A05C-D5DF-4337-8E7C-CA2B58116C4D}.Release|Any CPU.Build.0 = Release|Any CPU
		{F585A05C-D5DF-4337-8E7C-CA2B58116C4D}.Release|ARM.ActiveCfg = Release|Any CPU
		{F585A05C-D5DF-4337-8E7C-CA2B58116C4D}.Release|ARM.Build.0 = Release|Any CPU
		{F585A05C-D5DF-4337-8E7C-CA2B58116C4D}.Release|x64.ActiveCfg = Release|Any CPU
		{F585A05C-D5DF-4337-8E7C-CA2B58116C4D}.Release|x64.Build.0 = Release|Any CPU
		{F585A05C-D5DF-4337-8E7C-CA2B58116C4D}.Release|x86.ActiveCfg = Release|Any CPU
		{F585A05C-D5DF-4337-8E7C-CA2B58116C4D}.Release|x86.Build.0 = Release|Any CPU
		{092004F4-65D4-49EB-92F8-33BAF7CA9209}.Debug|Any CPU.ActiveCfg = Debug|Any CPU
		{092004F4-65D4-49EB-92F8-33BAF7CA9209}.Debug|Any CPU.Build.0 = Debug|Any CPU
		{092004F4-65D4-49EB-92F8-33BAF7CA9209}.Debug|ARM.ActiveCfg = Debug|Any CPU
		{092004F4-65D4-49EB-92F8-33BAF7CA9209}.Debug|ARM.Build.0 = Debug|Any CPU
		{092004F4-65D4-49EB-92F8-33BAF7CA9209}.Debug|x64.ActiveCfg = Debug|Any CPU
		{092004F4-65D4-49EB-92F8-33BAF7CA9209}.Debug|x64.Build.0 = Debug|Any CPU
		{092004F4-65D4-49EB-92F8-33BAF7CA9209}.Debug|x86.ActiveCfg = Debug|Any CPU
		{092004F4-65D4-49EB-92F8-33BAF7CA9209}.Debug|x86.Build.0 = Debug|Any CPU
		{092004F4-65D4-49EB-92F8-33BAF7CA9209}.Release|Any CPU.ActiveCfg = Release|Any CPU
		{092004F4-65D4-49EB-92F8-33BAF7CA9209}.Release|Any CPU.Build.0 = Release|Any CPU
		{092004F4-65D4-49EB-92F8-33BAF7CA9209}.Release|ARM.ActiveCfg = Release|Any CPU
		{092004F4-65D4-49EB-92F8-33BAF7CA9209}.Release|ARM.Build.0 = Release|Any CPU
		{092004F4-65D4-49EB-92F8-33BAF7CA9209}.Release|x64.ActiveCfg = Release|Any CPU
		{092004F4-65D4-49EB-92F8-33BAF7CA9209}.Release|x64.Build.0 = Release|Any CPU
		{092004F4-65D4-49EB-92F8-33BAF7CA9209}.Release|x86.ActiveCfg = Release|Any CPU
		{092004F4-65D4-49EB-92F8-33BAF7CA9209}.Release|x86.Build.0 = Release|Any CPU
		{371B3809-4894-40EF-B34C-D2DA46F1B5FA}.Debug|Any CPU.ActiveCfg = Debug|Any CPU
		{371B3809-4894-40EF-B34C-D2DA46F1B5FA}.Debug|Any CPU.Build.0 = Debug|Any CPU
		{371B3809-4894-40EF-B34C-D2DA46F1B5FA}.Debug|ARM.ActiveCfg = Debug|Any CPU
		{371B3809-4894-40EF-B34C-D2DA46F1B5FA}.Debug|ARM.Build.0 = Debug|Any CPU
		{371B3809-4894-40EF-B34C-D2DA46F1B5FA}.Debug|x64.ActiveCfg = Debug|Any CPU
		{371B3809-4894-40EF-B34C-D2DA46F1B5FA}.Debug|x64.Build.0 = Debug|Any CPU
		{371B3809-4894-40EF-B34C-D2DA46F1B5FA}.Debug|x86.ActiveCfg = Debug|Any CPU
		{371B3809-4894-40EF-B34C-D2DA46F1B5FA}.Debug|x86.Build.0 = Debug|Any CPU
		{371B3809-4894-40EF-B34C-D2DA46F1B5FA}.Release|Any CPU.ActiveCfg = Release|Any CPU
		{371B3809-4894-40EF-B34C-D2DA46F1B5FA}.Release|Any CPU.Build.0 = Release|Any CPU
		{371B3809-4894-40EF-B34C-D2DA46F1B5FA}.Release|ARM.ActiveCfg = Release|Any CPU
		{371B3809-4894-40EF-B34C-D2DA46F1B5FA}.Release|ARM.Build.0 = Release|Any CPU
		{371B3809-4894-40EF-B34C-D2DA46F1B5FA}.Release|x64.ActiveCfg = Release|Any CPU
		{371B3809-4894-40EF-B34C-D2DA46F1B5FA}.Release|x64.Build.0 = Release|Any CPU
		{371B3809-4894-40EF-B34C-D2DA46F1B5FA}.Release|x86.ActiveCfg = Release|Any CPU
		{371B3809-4894-40EF-B34C-D2DA46F1B5FA}.Release|x86.Build.0 = Release|Any CPU
		{7DA786C8-EFE1-4DF0-BC7B-6045B5B80E3D}.Debug|Any CPU.ActiveCfg = Debug|Any CPU
		{7DA786C8-EFE1-4DF0-BC7B-6045B5B80E3D}.Debug|Any CPU.Build.0 = Debug|Any CPU
		{7DA786C8-EFE1-4DF0-BC7B-6045B5B80E3D}.Debug|ARM.ActiveCfg = Debug|Any CPU
		{7DA786C8-EFE1-4DF0-BC7B-6045B5B80E3D}.Debug|ARM.Build.0 = Debug|Any CPU
		{7DA786C8-EFE1-4DF0-BC7B-6045B5B80E3D}.Debug|x64.ActiveCfg = Debug|Any CPU
		{7DA786C8-EFE1-4DF0-BC7B-6045B5B80E3D}.Debug|x64.Build.0 = Debug|Any CPU
		{7DA786C8-EFE1-4DF0-BC7B-6045B5B80E3D}.Debug|x86.ActiveCfg = Debug|Any CPU
		{7DA786C8-EFE1-4DF0-BC7B-6045B5B80E3D}.Debug|x86.Build.0 = Debug|Any CPU
		{7DA786C8-EFE1-4DF0-BC7B-6045B5B80E3D}.Release|Any CPU.ActiveCfg = Release|Any CPU
		{7DA786C8-EFE1-4DF0-BC7B-6045B5B80E3D}.Release|Any CPU.Build.0 = Release|Any CPU
		{7DA786C8-EFE1-4DF0-BC7B-6045B5B80E3D}.Release|ARM.ActiveCfg = Release|Any CPU
		{7DA786C8-EFE1-4DF0-BC7B-6045B5B80E3D}.Release|ARM.Build.0 = Release|Any CPU
		{7DA786C8-EFE1-4DF0-BC7B-6045B5B80E3D}.Release|x64.ActiveCfg = Release|Any CPU
		{7DA786C8-EFE1-4DF0-BC7B-6045B5B80E3D}.Release|x64.Build.0 = Release|Any CPU
		{7DA786C8-EFE1-4DF0-BC7B-6045B5B80E3D}.Release|x86.ActiveCfg = Release|Any CPU
		{7DA786C8-EFE1-4DF0-BC7B-6045B5B80E3D}.Release|x86.Build.0 = Release|Any CPU
		{8A312CFA-6672-4C99-8481-25328E382E8B}.Debug|Any CPU.ActiveCfg = Debug|Any CPU
		{8A312CFA-6672-4C99-8481-25328E382E8B}.Debug|Any CPU.Build.0 = Debug|Any CPU
		{8A312CFA-6672-4C99-8481-25328E382E8B}.Debug|ARM.ActiveCfg = Debug|Any CPU
		{8A312CFA-6672-4C99-8481-25328E382E8B}.Debug|ARM.Build.0 = Debug|Any CPU
		{8A312CFA-6672-4C99-8481-25328E382E8B}.Debug|x64.ActiveCfg = Debug|Any CPU
		{8A312CFA-6672-4C99-8481-25328E382E8B}.Debug|x64.Build.0 = Debug|Any CPU
		{8A312CFA-6672-4C99-8481-25328E382E8B}.Debug|x86.ActiveCfg = Debug|Any CPU
		{8A312CFA-6672-4C99-8481-25328E382E8B}.Release|Any CPU.ActiveCfg = Release|Any CPU
		{8A312CFA-6672-4C99-8481-25328E382E8B}.Release|Any CPU.Build.0 = Release|Any CPU
		{8A312CFA-6672-4C99-8481-25328E382E8B}.Release|ARM.ActiveCfg = Release|Any CPU
		{8A312CFA-6672-4C99-8481-25328E382E8B}.Release|ARM.Build.0 = Release|Any CPU
		{8A312CFA-6672-4C99-8481-25328E382E8B}.Release|x64.ActiveCfg = Release|Any CPU
		{8A312CFA-6672-4C99-8481-25328E382E8B}.Release|x64.Build.0 = Release|Any CPU
		{8A312CFA-6672-4C99-8481-25328E382E8B}.Release|x86.ActiveCfg = Release|Any CPU
		{8A312CFA-6672-4C99-8481-25328E382E8B}.Release|x86.Build.0 = Release|Any CPU
	EndGlobalSection
	GlobalSection(SolutionProperties) = preSolution
		HideSolutionNode = FALSE
	EndGlobalSection
EndGlobal
